
Microsoft Visual Studio Solution File, Format Version 12.00
# Visual Studio Version 17
VisualStudioVersion = 17.9.34728.123
MinimumVisualStudioVersion = 10.0.40219.1
Project("{FAE04EC0-301F-11D3-BF4B-00C04F79EFBC}") = "Events лаб№13", "Events лаб№13\Events лаб№13.csproj", "{265185E5-0F2E-40FA-974E-D21A66FE7665}"
EndProject
Global
	GlobalSection(SolutionConfigurationPlatforms) = preSolution
		Debug|Any CPU = Debug|Any CPU
		Release|Any CPU = Release|Any CPU
	EndGlobalSection
	GlobalSection(ProjectConfigurationPlatforms) = postSolution
		{265185E5-0F2E-40FA-974E-D21A66FE7665}.Debug|Any CPU.ActiveCfg = Debug|Any CPU
		{265185E5-0F2E-40FA-974E-D21A66FE7665}.Debug|Any CPU.Build.0 = Debug|Any CPU
		{265185E5-0F2E-40FA-974E-D21A66FE7665}.Release|Any CPU.ActiveCfg = Release|Any CPU
		{265185E5-0F2E-40FA-974E-D21A66FE7665}.Release|Any CPU.Build.0 = Release|Any CPU
	EndGlobalSection
	GlobalSection(SolutionProperties) = preSolution
		HideSolutionNode = FALSE
	EndGlobalSection
	GlobalSection(ExtensibilityGlobals) = postSolution
		SolutionGuid = {904DFFCC-155D-45F2-BAAC-C4CBD241B0F6}
	EndGlobalSection
EndGlobal
